
Microsoft Visual Studio Solution File, Format Version 12.00
Project("{FAE04EC0-301F-11D3-BF4B-00C04F79EFBC}") = "KeyGen", "KeyGen\KeyGen.csproj", "{F427CF8E-3600-4571-89DD-ABF95F8C4A2B}"
EndProject
Global
	GlobalSection(SolutionConfigurationPlatforms) = preSolution
		Debug|Any CPU = Debug|Any CPU
		Release|Any CPU = Release|Any CPU
	EndGlobalSection
	GlobalSection(ProjectConfigurationPlatforms) = postSolution
		{F427CF8E-3600-4571-89DD-ABF95F8C4A2B}.Debug|Any CPU.ActiveCfg = Debug|Any CPU
		{F427CF8E-3600-4571-89DD-ABF95F8C4A2B}.Debug|Any CPU.Build.0 = Debug|Any CPU
		{F427CF8E-3600-4571-89DD-ABF95F8C4A2B}.Release|Any CPU.ActiveCfg = Release|Any CPU
		{F427CF8E-3600-4571-89DD-ABF95F8C4A2B}.Release|Any CPU.Build.0 = Release|Any CPU
	EndGlobalSection
EndGlobal
